
Microsoft Visual Studio Solution File, Format Version 12.00
# Visual Studio Version 17
VisualStudioVersion = 17.7.34003.232
MinimumVisualStudioVersion = 10.0.40219.1
Project("{FAE04EC0-301F-11D3-BF4B-00C04F79EFBC}") = "Agenda-de-contactos", "Agenda-de-contactos\Agenda-de-contactos.csproj", "{823F4BA6-684A-488E-80A0-64CC22CAA02C}"
EndProject
Global
	GlobalSection(SolutionConfigurationPlatforms) = preSolution
		Debug|Any CPU = Debug|Any CPU
		Release|Any CPU = Release|Any CPU
	EndGlobalSection
	GlobalSection(ProjectConfigurationPlatforms) = postSolution
		{823F4BA6-684A-488E-80A0-64CC22CAA02C}.Debug|Any CPU.ActiveCfg = Debug|Any CPU
		{823F4BA6-684A-488E-80A0-64CC22CAA02C}.Debug|Any CPU.Build.0 = Debug|Any CPU
		{823F4BA6-684A-488E-80A0-64CC22CAA02C}.Release|Any CPU.ActiveCfg = Release|Any CPU
		{823F4BA6-684A-488E-80A0-64CC22CAA02C}.Release|Any CPU.Build.0 = Release|Any CPU
	EndGlobalSection
	GlobalSection(SolutionProperties) = preSolution
		HideSolutionNode = FALSE
	EndGlobalSection
	GlobalSection(ExtensibilityGlobals) = postSolution
		SolutionGuid = {8E456081-F5DD-4B63-91A7-0F0F3BDD154B}
	EndGlobalSection
EndGlobal
